
Microsoft Visual Studio Solution File, Format Version 12.00
# Visual Studio 15
VisualStudioVersion = 15.0.26403.0
MinimumVisualStudioVersion = 10.0.40219.1
Project("{FAE04EC0-301F-11D3-BF4B-00C04F79EFBC}") = "Project", "Project\Project.csproj", "{E02B30E5-BA45-4F48-8D15-3F5833D61ACF}"
EndProject
Global
	GlobalSection(SolutionConfigurationPlatforms) = preSolution
		Debug|Any CPU = Debug|Any CPU
		Release|Any CPU = Release|Any CPU
	EndGlobalSection
	GlobalSection(ProjectConfigurationPlatforms) = postSolution
		{E02B30E5-BA45-4F48-8D15-3F5833D61ACF}.Debug|Any CPU.ActiveCfg = Debug|Any CPU
		{E02B30E5-BA45-4F48-8D15-3F5833D61ACF}.Debug|Any CPU.Build.0 = Debug|Any CPU
		{E02B30E5-BA45-4F48-8D15-3F5833D61ACF}.Release|Any CPU.ActiveCfg = Release|Any CPU
		{E02B30E5-BA45-4F48-8D15-3F5833D61ACF}.Release|Any CPU.Build.0 = Release|Any CPU
	EndGlobalSection
	GlobalSection(SolutionProperties) = preSolution
		HideSolutionNode = FALSE
	EndGlobalSection
	GlobalSection(ExtensibilityGlobals) = postSolution
		SolutionGuid = {4D9415F0-8EF5-4F3B-BC0E-EAB0FEA6EDDD}
	EndGlobalSection
EndGlobal
